
Microsoft Visual Studio Solution File, Format Version 12.00
# Visual Studio Version 17
VisualStudioVersion = 17.6.33829.357
MinimumVisualStudioVersion = 10.0.40219.1
Project("{FAE04EC0-301F-11D3-BF4B-00C04F79EFBC}") = "Employee", "Employee\Employee.csproj", "{05EA0E54-6F7E-4828-A7F9-0490379C266F}"
EndProject
Global
	GlobalSection(SolutionConfigurationPlatforms) = preSolution
		Debug|Any CPU = Debug|Any CPU
		Release|Any CPU = Release|Any CPU
	EndGlobalSection
	GlobalSection(ProjectConfigurationPlatforms) = postSolution
		{05EA0E54-6F7E-4828-A7F9-0490379C266F}.Debug|Any CPU.ActiveCfg = Debug|Any CPU
		{05EA0E54-6F7E-4828-A7F9-0490379C266F}.Debug|Any CPU.Build.0 = Debug|Any CPU
		{05EA0E54-6F7E-4828-A7F9-0490379C266F}.Release|Any CPU.ActiveCfg = Release|Any CPU
		{05EA0E54-6F7E-4828-A7F9-0490379C266F}.Release|Any CPU.Build.0 = Release|Any CPU
	EndGlobalSection
	GlobalSection(SolutionProperties) = preSolution
		HideSolutionNode = FALSE
	EndGlobalSection
	GlobalSection(ExtensibilityGlobals) = postSolution
		SolutionGuid = {327EDB2C-95E0-41F9-9EED-711ACE3CBE71}
	EndGlobalSection
EndGlobal
